
Microsoft Visual Studio Solution File, Format Version 12.00
# Visual Studio Version 17
VisualStudioVersion = 17.6.33723.286
MinimumVisualStudioVersion = 10.0.40219.1
Project("{FAE04EC0-301F-11D3-BF4B-00C04F79EFBC}") = "bdd", "bdd.csproj", "{DDF86860-8E40-461A-A71D-1543E0A29380}"
EndProject
Global
	GlobalSection(SolutionConfigurationPlatforms) = preSolution
		Debug|Any CPU = Debug|Any CPU
		Release|Any CPU = Release|Any CPU
	EndGlobalSection
	GlobalSection(ProjectConfigurationPlatforms) = postSolution
		{DDF86860-8E40-461A-A71D-1543E0A29380}.Debug|Any CPU.ActiveCfg = Debug|Any CPU
		{DDF86860-8E40-461A-A71D-1543E0A29380}.Debug|Any CPU.Build.0 = Debug|Any CPU
		{DDF86860-8E40-461A-A71D-1543E0A29380}.Release|Any CPU.ActiveCfg = Release|Any CPU
		{DDF86860-8E40-461A-A71D-1543E0A29380}.Release|Any CPU.Build.0 = Release|Any CPU
	EndGlobalSection
	GlobalSection(SolutionProperties) = preSolution
		HideSolutionNode = FALSE
	EndGlobalSection
	GlobalSection(ExtensibilityGlobals) = postSolution
		SolutionGuid = {CDE3B48A-9779-45FD-92BD-0380C60D49D2}
	EndGlobalSection
EndGlobal
