
Microsoft Visual Studio Solution File, Format Version 12.00
# Visual Studio Version 17
VisualStudioVersion = 17.6.33723.286
MinimumVisualStudioVersion = 10.0.40219.1
Project("{FAE04EC0-301F-11D3-BF4B-00C04F79EFBC}") = "Dashboard Admin", "Dashboard Admin.csproj", "{6477D21F-DF05-4FB5-99FF-50F29FBA1BF5}"
EndProject
Global
	GlobalSection(SolutionConfigurationPlatforms) = preSolution
		Debug|Any CPU = Debug|Any CPU
		Release|Any CPU = Release|Any CPU
	EndGlobalSection
	GlobalSection(ProjectConfigurationPlatforms) = postSolution
		{6477D21F-DF05-4FB5-99FF-50F29FBA1BF5}.Debug|Any CPU.ActiveCfg = Debug|Any CPU
		{6477D21F-DF05-4FB5-99FF-50F29FBA1BF5}.Debug|Any CPU.Build.0 = Debug|Any CPU
		{6477D21F-DF05-4FB5-99FF-50F29FBA1BF5}.Release|Any CPU.ActiveCfg = Release|Any CPU
		{6477D21F-DF05-4FB5-99FF-50F29FBA1BF5}.Release|Any CPU.Build.0 = Release|Any CPU
	EndGlobalSection
	GlobalSection(SolutionProperties) = preSolution
		HideSolutionNode = FALSE
	EndGlobalSection
	GlobalSection(ExtensibilityGlobals) = postSolution
		SolutionGuid = {B6684BF0-8E0A-4EEC-BD17-B1D1C06DCFA9}
	EndGlobalSection
EndGlobal
